
Microsoft Visual Studio Solution File, Format Version 12.00
# Visual Studio Version 17
VisualStudioVersion = 17.12.35527.113 d17.12
MinimumVisualStudioVersion = 10.0.40219.1
Project("{FAE04EC0-301F-11D3-BF4B-00C04F79EFBC}") = "SPT_QuietWind", "SPT_QuietWind.csproj", "{4653552A-481E-44BE-8A45-260C9FB562FC}"
EndProject
Global
	GlobalSection(SolutionConfigurationPlatforms) = preSolution
		Debug|Any CPU = Debug|Any CPU
		Release|Any CPU = Release|Any CPU
	EndGlobalSection
	GlobalSection(ProjectConfigurationPlatforms) = postSolution
		{4653552A-481E-44BE-8A45-260C9FB562FC}.Debug|Any CPU.ActiveCfg = Release|Any CPU
		{4653552A-481E-44BE-8A45-260C9FB562FC}.Debug|Any CPU.Build.0 = Release|Any CPU
		{4653552A-481E-44BE-8A45-260C9FB562FC}.Release|Any CPU.ActiveCfg = Release|Any CPU
	EndGlobalSection
	GlobalSection(SolutionProperties) = preSolution
		HideSolutionNode = FALSE
	EndGlobalSection
EndGlobal
